<?xml version="1.0" encoding="utf-8"?>
<Project ToolsVersion="4.0" xmlns="http://schemas.microsoft.com/developer/msbuild/2003">
  <ItemGroup>
    <Filter Include="Sources">
      <UniqueIdentifier>{4FC737F1-C7A5-4376-A066-2A32D752A2FF}</UniqueIdentifier>
      <Extensions>cpp;c;cc;cxx;c++;cppm;ixx;def;odl;idl;hpj;bat;asm;asmx</Extensions>
    </Filter>
    <Filter Include="Headers">
      <UniqueIdentifier>{93995380-89BD-4b04-88EB-625FBE52EBFB}</UniqueIdentifier>
      <Extensions>h;hh;hpp;hxx;h++;hm;inl;inc;ipp;xsd</Extensions>
    </Filter>
    <Filter Include="Resources">
      <UniqueIdentifier>{67DA6AB6-F800-4c08-8B7A-83BB121AAD01}</UniqueIdentifier>
      <Extensions>rc;ico;cur;bmp;dlg;rc2;rct;bin;rgs;gif;jpg;jpeg;jpe;resx;tiff;tif;png;wav;mfcribbon-ms</Extensions>
    </Filter>
    <Filter Include="Resources\examples">
      <UniqueIdentifier>{6775c0e8-1778-4d19-9b35-3e4695b30cca}</UniqueIdentifier>
    </Filter>
    <Filter Include="Sources\codegen">
      <UniqueIdentifier>{83c5e3b7-49bc-49a0-bc57-3b723ad819c4}</UniqueIdentifier>
    </Filter>
  </ItemGroup>
  <ItemGroup>
    <ClCompile Include="src\bmmo_protocol_compiler.c">
      <Filter>Sources</Filter>
    </ClCompile>
    <ClCompile Include="src\bpc_semantic_values.c">
      <Filter>Sources</Filter>
    </ClCompile>
    <ClCompile Include="src\lex.yy.c">
      <Filter>Sources</Filter>
    </ClCompile>
    <ClCompile Include="src\y.tab.c">
      <Filter>Sources</Filter>
    </ClCompile>
    <ClCompile Include="src\snippets.c">
      <Filter>Sources</Filter>
    </ClCompile>
    <ClCompile Include="src\bpc_code_gen.c">
      <Filter>Sources</Filter>
    </ClCompile>
    <ClCompile Include="src\bpc_cmd.c">
      <Filter>Sources</Filter>
    </ClCompile>
    <ClCompile Include="src\bpc_encoding.c">
      <Filter>Sources</Filter>
    </ClCompile>
    <ClCompile Include="src\bpc_error.c">
      <Filter>Sources</Filter>
    </ClCompile>
    <ClCompile Include="src\bpc_fs.c">
      <Filter>Sources</Filter>
    </ClCompile>
    <ClCompile Include="src\codegen\codepy.c">
      <Filter>Sources\codegen</Filter>
    </ClCompile>
    <ClCompile Include="src\codegen\codecs.c">
      <Filter>Sources\codegen</Filter>
    </ClCompile>
    <ClCompile Include="src\codegen\codehpp.c">
      <Filter>Sources\codegen</Filter>
    </ClCompile>
    <ClCompile Include="src\codegen\codecpp.c">
      <Filter>Sources\codegen</Filter>
    </ClCompile>
    <ClCompile Include="src\codegen\codeproto.c">
      <Filter>Sources\codegen</Filter>
    </ClCompile>
  </ItemGroup>
  <ItemGroup>
    <None Include="src\compiler.l">
      <Filter>Sources</Filter>
    </None>
    <None Include="src\compiler.y">
      <Filter>Sources</Filter>
    </None>
  </ItemGroup>
  <ItemGroup>
    <ClInclude Include="src\bpc_semantic_values.h">
      <Filter>Headers</Filter>
    </ClInclude>
    <ClInclude Include="src\y.tab.h">
      <Filter>Headers</Filter>
    </ClInclude>
    <ClInclude Include="src\bpc_code_gen.h">
      <Filter>Headers</Filter>
    </ClInclude>
    <ClInclude Include="src\bpc_cmd.h">
      <Filter>Headers</Filter>
    </ClInclude>
    <ClInclude Include="src\bpc_ver.h">
      <Filter>Headers</Filter>
    </ClInclude>
    <ClInclude Include="src\bpc_encoding.h">
      <Filter>Headers</Filter>
    </ClInclude>
    <ClInclude Include="src\bpc_error.h">
      <Filter>Headers</Filter>
    </ClInclude>
    <ClInclude Include="src\bpc_fs.h">
      <Filter>Headers</Filter>
    </ClInclude>
    <ClInclude Include="src\snippets.h">
      <Filter>Headers</Filter>
    </ClInclude>
  </ItemGroup>
  <ItemGroup>
    <CopyFileToFolders Include="examples\example.bp">
      <Filter>Resources\examples</Filter>
    </CopyFileToFolders>
    <CopyFileToFolders Include="examples\bmmo.bp">
      <Filter>Resources\examples</Filter>
    </CopyFileToFolders>
    <CopyFileToFolders Include="examples\errors.bp">
      <Filter>Resources\examples</Filter>
    </CopyFileToFolders>
  </ItemGroup>
</Project>