
Microsoft Visual Studio Solution File, Format Version 12.00
# Visual Studio Version 16
VisualStudioVersion = 16.0.31702.278
MinimumVisualStudioVersion = 10.0.40219.1
Project("{8BC9CEB8-8B4A-11D0-8D11-00A0C91BC942}") = "bmmo_protocol_compiler", "bmmo_protocol_compiler.vcxproj", "{91E0CD16-529F-4D89-9066-DAEC1F26CBD0}"
EndProject
Global
	GlobalSection(SolutionConfigurationPlatforms) = preSolution
		Debug|x64 = Debug|x64
		Debug|x86 = Debug|x86
		Release|x64 = Release|x64
		Release|x86 = Release|x86
	EndGlobalSection
	GlobalSection(ProjectConfigurationPlatforms) = postSolution
		{91E0CD16-529F-4D89-9066-DAEC1F26CBD0}.Debug|x64.ActiveCfg = Debug|x64
		{91E0CD16-529F-4D89-9066-DAEC1F26CBD0}.Debug|x64.Build.0 = Debug|x64
		{91E0CD16-529F-4D89-9066-DAEC1F26CBD0}.Debug|x86.ActiveCfg = Debug|Win32
		{91E0CD16-529F-4D89-9066-DAEC1F26CBD0}.Debug|x86.Build.0 = Debug|Win32
		{91E0CD16-529F-4D89-9066-DAEC1F26CBD0}.Release|x64.ActiveCfg = Release|x64
		{91E0CD16-529F-4D89-9066-DAEC1F26CBD0}.Release|x64.Build.0 = Release|x64
		{91E0CD16-529F-4D89-9066-DAEC1F26CBD0}.Release|x86.ActiveCfg = Release|Win32
		{91E0CD16-529F-4D89-9066-DAEC1F26CBD0}.Release|x86.Build.0 = Release|Win32
	EndGlobalSection
	GlobalSection(SolutionProperties) = preSolution
		HideSolutionNode = FALSE
	EndGlobalSection
	GlobalSection(ExtensibilityGlobals) = postSolution
		SolutionGuid = {46A9ABBD-A8AD-456A-95CE-BC2EBEAC3780}
	EndGlobalSection
EndGlobal
